
Microsoft Visual Studio Solution File, Format Version 12.00
# Visual Studio Version 17
VisualStudioVersion = 17.14.36310.24
MinimumVisualStudioVersion = 10.0.40219.1
Project("{2150E333-8FDC-42A3-9474-1A3956D46DE8}") = "Web", "Web", "{02EA681E-C7D8-13C7-8484-4AC65E1B71E8}"
	ProjectSection(SolutionItems) = preProject
		D:\RWANKHEDE\Downloads\ProgressSummary.md = D:\RWANKHEDE\Downloads\ProgressSummary.md
		D:\RWANKHEDE\Downloads\README.md = D:\RWANKHEDE\Downloads\README.md
	EndProjectSection
EndProject
Project("{2150E333-8FDC-42A3-9474-1A3956D46DE8}") = "EndPoints", "EndPoints", "{F5D9175F-09FC-4D1F-BF3F-4B9BC2302CC3}"
EndProject
Project("{2150E333-8FDC-42A3-9474-1A3956D46DE8}") = "Business", "Business", "{1FFDD56C-B0F5-4984-8221-DE57B03AAE57}"
EndProject
Project("{FAE04EC0-301F-11D3-BF4B-00C04F79EFBC}") = "Services", "Services\Services.csproj", "{AFE17972-ABD2-48D2-B6FD-8B121E96BBF0}"
EndProject
Project("{FAE04EC0-301F-11D3-BF4B-00C04F79EFBC}") = "Interfaces", "Interfaces\Interfaces.csproj", "{7CC5E9FB-91A5-47C9-97ED-1306918AFF69}"
EndProject
Project("{2150E333-8FDC-42A3-9474-1A3956D46DE8}") = "Data", "Data", "{43ADBCA8-C0B8-4631-A94E-B70796B19B50}"
EndProject
Project("{FAE04EC0-301F-11D3-BF4B-00C04F79EFBC}") = "Repositories", "Repositories\Repositories.csproj", "{DCD361BF-1EAE-4751-B3DA-9652C1029EA8}"
EndProject
Project("{FAE04EC0-301F-11D3-BF4B-00C04F79EFBC}") = "Entities", "Context\Entities.csproj", "{1844A04C-B0BD-406D-BA36-C3255C33D0D7}"
EndProject
Project("{2150E333-8FDC-42A3-9474-1A3956D46DE8}") = "Common", "Common", "{937DE83F-6910-4FE7-8727-B53DCDC5B24C}"
EndProject
Project("{FAE04EC0-301F-11D3-BF4B-00C04F79EFBC}") = "DTOs", "DTOs\DTOs.csproj", "{C11A83BD-21A5-48A8-9E31-4C050D314633}"
EndProject
Project("{FAE04EC0-301F-11D3-BF4B-00C04F79EFBC}") = "Enums", "Enums\Enums.csproj", "{07654938-E5F1-4F3A-A075-D8AA96E33DE6}"
EndProject
Project("{2150E333-8FDC-42A3-9474-1A3956D46DE8}") = "Caching", "Caching", "{84A417A8-DF1F-407D-BEA9-243E6E63E9AF}"
EndProject
Project("{FAE04EC0-301F-11D3-BF4B-00C04F79EFBC}") = "Caching", "Caching\Caching.csproj", "{A58F25E6-E13E-442B-A124-562D49E70A4D}"
EndProject
Project("{2150E333-8FDC-42A3-9474-1A3956D46DE8}") = "Security", "Security", "{E27931F7-C563-4AE8-9271-502DAD6BBB68}"
EndProject
Project("{FAE04EC0-301F-11D3-BF4B-00C04F79EFBC}") = "Security", "Security\Security.csproj", "{0D8A67E9-F849-48CB-8FC4-4D2435468382}"
EndProject
Project("{2150E333-8FDC-42A3-9474-1A3956D46DE8}") = "Logging", "Logging", "{F626DA92-7C85-40F7-AEB6-C41003B9E05C}"
EndProject
Project("{FAE04EC0-301F-11D3-BF4B-00C04F79EFBC}") = "Logging", "Logging\Logging.csproj", "{F9231E2F-4B5D-42D3-AF41-C5B40D26E197}"
EndProject
Project("{2150E333-8FDC-42A3-9474-1A3956D46DE8}") = "Tests", "Tests", "{183CE189-084D-4560-A3E3-547994BDC49F}"
EndProject
Project("{2150E333-8FDC-42A3-9474-1A3956D46DE8}") = "Infrastructure", "Infrastructure", "{1985FD1B-4CAB-4714-A8E9-37BBA5653789}"
EndProject
Project("{2150E333-8FDC-42A3-9474-1A3956D46DE8}") = "DevOps", "DevOps", "{4C8D5560-6ADF-42C1-9541-E0F8A1D1E821}"
EndProject
Project("{FAE04EC0-301F-11D3-BF4B-00C04F79EFBC}") = "DevOps", "DevOps\DevOps.csproj", "{91EAA24A-8E22-4AC8-A1DA-69FCCACAB906}"
EndProject
Project("{2150E333-8FDC-42A3-9474-1A3956D46DE8}") = "Persistence", "Persistence", "{5132A8AA-C14D-4C56-8C22-290CE093AB5A}"
EndProject
Project("{FAE04EC0-301F-11D3-BF4B-00C04F79EFBC}") = "MigrationScripts", "MigrationScripts\MigrationScripts.csproj", "{F987BB16-896B-4280-A0E4-AB57A7B31740}"
EndProject
Project("{FAE04EC0-301F-11D3-BF4B-00C04F79EFBC}") = "SeedData", "SeedData\SeedData.csproj", "{931B710E-12D7-4E71-B6AE-53A9E4168DF9}"
EndProject
Project("{2150E333-8FDC-42A3-9474-1A3956D46DE8}") = "Monitoring", "Monitoring", "{1898AB8B-97DC-486A-A0C1-73F944C589F1}"
EndProject
Project("{FAE04EC0-301F-11D3-BF4B-00C04F79EFBC}") = "HealthChecks", "HealthChecks\HealthChecks.csproj", "{9EC2BDB8-6252-4DE8-A029-3117C49CF01D}"
EndProject
Project("{FAE04EC0-301F-11D3-BF4B-00C04F79EFBC}") = "UnitTests", "UnitTests\UnitTests.csproj", "{13F0355B-254D-482F-9EC7-23AD0D10DB99}"
EndProject
Project("{FAE04EC0-301F-11D3-BF4B-00C04F79EFBC}") = "IntegrationTests", "IntegrationTests\IntegrationTests.csproj", "{D3910895-B588-44CD-A092-3B0D3A1E3D89}"
EndProject
Project("{FAE04EC0-301F-11D3-BF4B-00C04F79EFBC}") = "EndToEndTests", "EndToEndTests\EndToEndTests.csproj", "{258CE832-C916-4C06-B93D-BF1B5144544C}"
EndProject
Project("{FAE04EC0-301F-11D3-BF4B-00C04F79EFBC}") = "EndPoints", "EndPoints\EndPoints.csproj", "{C3F5773A-45C4-484D-BB25-DF84ACA2ED3E}"
EndProject
Project("{2150E333-8FDC-42A3-9474-1A3956D46DE8}") = "Gateway", "Gateway", "{337B9EFF-2B47-4EC4-912F-D54D159AE5CB}"
EndProject
Project("{FAE04EC0-301F-11D3-BF4B-00C04F79EFBC}") = "Gateway", "Gateway\Gateway.csproj", "{B570FE0E-F765-4185-9619-A2A2B710C014}"
EndProject
Project("{FAE04EC0-301F-11D3-BF4B-00C04F79EFBC}") = "AppContext", "AppContext\AppContext.csproj", "{1EEE0CD9-D82D-4717-884E-93759B652626}"
EndProject
Global
	GlobalSection(SolutionConfigurationPlatforms) = preSolution
		Debug|Any CPU = Debug|Any CPU
		Release|Any CPU = Release|Any CPU
	EndGlobalSection
	GlobalSection(ProjectConfigurationPlatforms) = postSolution
		{AFE17972-ABD2-48D2-B6FD-8B121E96BBF0}.Debug|Any CPU.ActiveCfg = Debug|Any CPU
		{AFE17972-ABD2-48D2-B6FD-8B121E96BBF0}.Debug|Any CPU.Build.0 = Debug|Any CPU
		{AFE17972-ABD2-48D2-B6FD-8B121E96BBF0}.Release|Any CPU.ActiveCfg = Release|Any CPU
		{AFE17972-ABD2-48D2-B6FD-8B121E96BBF0}.Release|Any CPU.Build.0 = Release|Any CPU
		{7CC5E9FB-91A5-47C9-97ED-1306918AFF69}.Debug|Any CPU.ActiveCfg = Debug|Any CPU
		{7CC5E9FB-91A5-47C9-97ED-1306918AFF69}.Debug|Any CPU.Build.0 = Debug|Any CPU
		{7CC5E9FB-91A5-47C9-97ED-1306918AFF69}.Release|Any CPU.ActiveCfg = Release|Any CPU
		{7CC5E9FB-91A5-47C9-97ED-1306918AFF69}.Release|Any CPU.Build.0 = Release|Any CPU
		{DCD361BF-1EAE-4751-B3DA-9652C1029EA8}.Debug|Any CPU.ActiveCfg = Debug|Any CPU
		{DCD361BF-1EAE-4751-B3DA-9652C1029EA8}.Debug|Any CPU.Build.0 = Debug|Any CPU
		{DCD361BF-1EAE-4751-B3DA-9652C1029EA8}.Release|Any CPU.ActiveCfg = Release|Any CPU
		{DCD361BF-1EAE-4751-B3DA-9652C1029EA8}.Release|Any CPU.Build.0 = Release|Any CPU
		{1844A04C-B0BD-406D-BA36-C3255C33D0D7}.Debug|Any CPU.ActiveCfg = Debug|Any CPU
		{1844A04C-B0BD-406D-BA36-C3255C33D0D7}.Debug|Any CPU.Build.0 = Debug|Any CPU
		{1844A04C-B0BD-406D-BA36-C3255C33D0D7}.Release|Any CPU.ActiveCfg = Release|Any CPU
		{1844A04C-B0BD-406D-BA36-C3255C33D0D7}.Release|Any CPU.Build.0 = Release|Any CPU
		{C11A83BD-21A5-48A8-9E31-4C050D314633}.Debug|Any CPU.ActiveCfg = Debug|Any CPU
		{C11A83BD-21A5-48A8-9E31-4C050D314633}.Debug|Any CPU.Build.0 = Debug|Any CPU
		{C11A83BD-21A5-48A8-9E31-4C050D314633}.Release|Any CPU.ActiveCfg = Release|Any CPU
		{C11A83BD-21A5-48A8-9E31-4C050D314633}.Release|Any CPU.Build.0 = Release|Any CPU
		{07654938-E5F1-4F3A-A075-D8AA96E33DE6}.Debug|Any CPU.ActiveCfg = Debug|Any CPU
		{07654938-E5F1-4F3A-A075-D8AA96E33DE6}.Debug|Any CPU.Build.0 = Debug|Any CPU
		{07654938-E5F1-4F3A-A075-D8AA96E33DE6}.Release|Any CPU.ActiveCfg = Release|Any CPU
		{07654938-E5F1-4F3A-A075-D8AA96E33DE6}.Release|Any CPU.Build.0 = Release|Any CPU
		{A58F25E6-E13E-442B-A124-562D49E70A4D}.Debug|Any CPU.ActiveCfg = Debug|Any CPU
		{A58F25E6-E13E-442B-A124-562D49E70A4D}.Debug|Any CPU.Build.0 = Debug|Any CPU
		{A58F25E6-E13E-442B-A124-562D49E70A4D}.Release|Any CPU.ActiveCfg = Release|Any CPU
		{A58F25E6-E13E-442B-A124-562D49E70A4D}.Release|Any CPU.Build.0 = Release|Any CPU
		{0D8A67E9-F849-48CB-8FC4-4D2435468382}.Debug|Any CPU.ActiveCfg = Debug|Any CPU
		{0D8A67E9-F849-48CB-8FC4-4D2435468382}.Debug|Any CPU.Build.0 = Debug|Any CPU
		{0D8A67E9-F849-48CB-8FC4-4D2435468382}.Release|Any CPU.ActiveCfg = Release|Any CPU
		{0D8A67E9-F849-48CB-8FC4-4D2435468382}.Release|Any CPU.Build.0 = Release|Any CPU
		{F9231E2F-4B5D-42D3-AF41-C5B40D26E197}.Debug|Any CPU.ActiveCfg = Debug|Any CPU
		{F9231E2F-4B5D-42D3-AF41-C5B40D26E197}.Debug|Any CPU.Build.0 = Debug|Any CPU
		{F9231E2F-4B5D-42D3-AF41-C5B40D26E197}.Release|Any CPU.ActiveCfg = Release|Any CPU
		{F9231E2F-4B5D-42D3-AF41-C5B40D26E197}.Release|Any CPU.Build.0 = Release|Any CPU
		{91EAA24A-8E22-4AC8-A1DA-69FCCACAB906}.Debug|Any CPU.ActiveCfg = Debug|Any CPU
		{91EAA24A-8E22-4AC8-A1DA-69FCCACAB906}.Debug|Any CPU.Build.0 = Debug|Any CPU
		{91EAA24A-8E22-4AC8-A1DA-69FCCACAB906}.Release|Any CPU.ActiveCfg = Release|Any CPU
		{91EAA24A-8E22-4AC8-A1DA-69FCCACAB906}.Release|Any CPU.Build.0 = Release|Any CPU
		{F987BB16-896B-4280-A0E4-AB57A7B31740}.Debug|Any CPU.ActiveCfg = Debug|Any CPU
		{F987BB16-896B-4280-A0E4-AB57A7B31740}.Debug|Any CPU.Build.0 = Debug|Any CPU
		{F987BB16-896B-4280-A0E4-AB57A7B31740}.Release|Any CPU.ActiveCfg = Release|Any CPU
		{F987BB16-896B-4280-A0E4-AB57A7B31740}.Release|Any CPU.Build.0 = Release|Any CPU
		{931B710E-12D7-4E71-B6AE-53A9E4168DF9}.Debug|Any CPU.ActiveCfg = Debug|Any CPU
		{931B710E-12D7-4E71-B6AE-53A9E4168DF9}.Debug|Any CPU.Build.0 = Debug|Any CPU
		{931B710E-12D7-4E71-B6AE-53A9E4168DF9}.Release|Any CPU.ActiveCfg = Release|Any CPU
		{931B710E-12D7-4E71-B6AE-53A9E4168DF9}.Release|Any CPU.Build.0 = Release|Any CPU
		{9EC2BDB8-6252-4DE8-A029-3117C49CF01D}.Debug|Any CPU.ActiveCfg = Debug|Any CPU
		{9EC2BDB8-6252-4DE8-A029-3117C49CF01D}.Debug|Any CPU.Build.0 = Debug|Any CPU
		{9EC2BDB8-6252-4DE8-A029-3117C49CF01D}.Release|Any CPU.ActiveCfg = Release|Any CPU
		{9EC2BDB8-6252-4DE8-A029-3117C49CF01D}.Release|Any CPU.Build.0 = Release|Any CPU
		{13F0355B-254D-482F-9EC7-23AD0D10DB99}.Debug|Any CPU.ActiveCfg = Debug|Any CPU
		{13F0355B-254D-482F-9EC7-23AD0D10DB99}.Debug|Any CPU.Build.0 = Debug|Any CPU
		{13F0355B-254D-482F-9EC7-23AD0D10DB99}.Release|Any CPU.ActiveCfg = Release|Any CPU
		{13F0355B-254D-482F-9EC7-23AD0D10DB99}.Release|Any CPU.Build.0 = Release|Any CPU
		{D3910895-B588-44CD-A092-3B0D3A1E3D89}.Debug|Any CPU.ActiveCfg = Debug|Any CPU
		{D3910895-B588-44CD-A092-3B0D3A1E3D89}.Debug|Any CPU.Build.0 = Debug|Any CPU
		{D3910895-B588-44CD-A092-3B0D3A1E3D89}.Release|Any CPU.ActiveCfg = Release|Any CPU
		{D3910895-B588-44CD-A092-3B0D3A1E3D89}.Release|Any CPU.Build.0 = Release|Any CPU
		{258CE832-C916-4C06-B93D-BF1B5144544C}.Debug|Any CPU.ActiveCfg = Debug|Any CPU
		{258CE832-C916-4C06-B93D-BF1B5144544C}.Debug|Any CPU.Build.0 = Debug|Any CPU
		{258CE832-C916-4C06-B93D-BF1B5144544C}.Release|Any CPU.ActiveCfg = Release|Any CPU
		{258CE832-C916-4C06-B93D-BF1B5144544C}.Release|Any CPU.Build.0 = Release|Any CPU
		{C3F5773A-45C4-484D-BB25-DF84ACA2ED3E}.Debug|Any CPU.ActiveCfg = Debug|Any CPU
		{C3F5773A-45C4-484D-BB25-DF84ACA2ED3E}.Debug|Any CPU.Build.0 = Debug|Any CPU
		{C3F5773A-45C4-484D-BB25-DF84ACA2ED3E}.Release|Any CPU.ActiveCfg = Release|Any CPU
		{C3F5773A-45C4-484D-BB25-DF84ACA2ED3E}.Release|Any CPU.Build.0 = Release|Any CPU
		{B570FE0E-F765-4185-9619-A2A2B710C014}.Debug|Any CPU.ActiveCfg = Debug|Any CPU
		{B570FE0E-F765-4185-9619-A2A2B710C014}.Debug|Any CPU.Build.0 = Debug|Any CPU
		{B570FE0E-F765-4185-9619-A2A2B710C014}.Release|Any CPU.ActiveCfg = Release|Any CPU
		{B570FE0E-F765-4185-9619-A2A2B710C014}.Release|Any CPU.Build.0 = Release|Any CPU
		{1EEE0CD9-D82D-4717-884E-93759B652626}.Debug|Any CPU.ActiveCfg = Debug|Any CPU
		{1EEE0CD9-D82D-4717-884E-93759B652626}.Debug|Any CPU.Build.0 = Debug|Any CPU
		{1EEE0CD9-D82D-4717-884E-93759B652626}.Release|Any CPU.ActiveCfg = Release|Any CPU
		{1EEE0CD9-D82D-4717-884E-93759B652626}.Release|Any CPU.Build.0 = Release|Any CPU
	EndGlobalSection
	GlobalSection(SolutionProperties) = preSolution
		HideSolutionNode = FALSE
	EndGlobalSection
	GlobalSection(NestedProjects) = preSolution
		{F5D9175F-09FC-4D1F-BF3F-4B9BC2302CC3} = {02EA681E-C7D8-13C7-8484-4AC65E1B71E8}
		{1FFDD56C-B0F5-4984-8221-DE57B03AAE57} = {02EA681E-C7D8-13C7-8484-4AC65E1B71E8}
		{AFE17972-ABD2-48D2-B6FD-8B121E96BBF0} = {1FFDD56C-B0F5-4984-8221-DE57B03AAE57}
		{7CC5E9FB-91A5-47C9-97ED-1306918AFF69} = {1FFDD56C-B0F5-4984-8221-DE57B03AAE57}
		{43ADBCA8-C0B8-4631-A94E-B70796B19B50} = {02EA681E-C7D8-13C7-8484-4AC65E1B71E8}
		{DCD361BF-1EAE-4751-B3DA-9652C1029EA8} = {43ADBCA8-C0B8-4631-A94E-B70796B19B50}
		{1844A04C-B0BD-406D-BA36-C3255C33D0D7} = {43ADBCA8-C0B8-4631-A94E-B70796B19B50}
		{937DE83F-6910-4FE7-8727-B53DCDC5B24C} = {02EA681E-C7D8-13C7-8484-4AC65E1B71E8}
		{C11A83BD-21A5-48A8-9E31-4C050D314633} = {937DE83F-6910-4FE7-8727-B53DCDC5B24C}
		{07654938-E5F1-4F3A-A075-D8AA96E33DE6} = {937DE83F-6910-4FE7-8727-B53DCDC5B24C}
		{84A417A8-DF1F-407D-BEA9-243E6E63E9AF} = {02EA681E-C7D8-13C7-8484-4AC65E1B71E8}
		{A58F25E6-E13E-442B-A124-562D49E70A4D} = {84A417A8-DF1F-407D-BEA9-243E6E63E9AF}
		{E27931F7-C563-4AE8-9271-502DAD6BBB68} = {02EA681E-C7D8-13C7-8484-4AC65E1B71E8}
		{0D8A67E9-F849-48CB-8FC4-4D2435468382} = {E27931F7-C563-4AE8-9271-502DAD6BBB68}
		{F626DA92-7C85-40F7-AEB6-C41003B9E05C} = {02EA681E-C7D8-13C7-8484-4AC65E1B71E8}
		{F9231E2F-4B5D-42D3-AF41-C5B40D26E197} = {F626DA92-7C85-40F7-AEB6-C41003B9E05C}
		{4C8D5560-6ADF-42C1-9541-E0F8A1D1E821} = {1985FD1B-4CAB-4714-A8E9-37BBA5653789}
		{91EAA24A-8E22-4AC8-A1DA-69FCCACAB906} = {4C8D5560-6ADF-42C1-9541-E0F8A1D1E821}
		{5132A8AA-C14D-4C56-8C22-290CE093AB5A} = {1985FD1B-4CAB-4714-A8E9-37BBA5653789}
		{F987BB16-896B-4280-A0E4-AB57A7B31740} = {5132A8AA-C14D-4C56-8C22-290CE093AB5A}
		{931B710E-12D7-4E71-B6AE-53A9E4168DF9} = {5132A8AA-C14D-4C56-8C22-290CE093AB5A}
		{1898AB8B-97DC-486A-A0C1-73F944C589F1} = {1985FD1B-4CAB-4714-A8E9-37BBA5653789}
		{9EC2BDB8-6252-4DE8-A029-3117C49CF01D} = {1898AB8B-97DC-486A-A0C1-73F944C589F1}
		{13F0355B-254D-482F-9EC7-23AD0D10DB99} = {183CE189-084D-4560-A3E3-547994BDC49F}
		{D3910895-B588-44CD-A092-3B0D3A1E3D89} = {183CE189-084D-4560-A3E3-547994BDC49F}
		{258CE832-C916-4C06-B93D-BF1B5144544C} = {183CE189-084D-4560-A3E3-547994BDC49F}
		{C3F5773A-45C4-484D-BB25-DF84ACA2ED3E} = {F5D9175F-09FC-4D1F-BF3F-4B9BC2302CC3}
		{B570FE0E-F765-4185-9619-A2A2B710C014} = {337B9EFF-2B47-4EC4-912F-D54D159AE5CB}
		{1EEE0CD9-D82D-4717-884E-93759B652626} = {43ADBCA8-C0B8-4631-A94E-B70796B19B50}
	EndGlobalSection
	GlobalSection(ExtensibilityGlobals) = postSolution
		SolutionGuid = {5397D31C-1A72-40DC-9FA2-B990CDEC1BD2}
	EndGlobalSection
EndGlobal
